<?xml version="1.0" encoding="utf-8"?>
<Project ToolsVersion="4.0" xmlns="http://schemas.microsoft.com/developer/msbuild/2003">
  <ItemGroup>
    <Filter Include="Source Files">
      <UniqueIdentifier>{4FC737F1-C7A5-4376-A066-2A32D752A2FF}</UniqueIdentifier>
      <Extensions>cpp;c;cc;cxx;c++;cppm;ixx;def;odl;idl;hpj;bat;asm;asmx</Extensions>
    </Filter>
    <Filter Include="Header Files">
      <UniqueIdentifier>{93995380-89BD-4b04-88EB-625FBE52EBFB}</UniqueIdentifier>
      <Extensions>h;hh;hpp;hxx;h++;hm;inl;inc;ipp;xsd</Extensions>
    </Filter>
    <Filter Include="Resource Files">
      <UniqueIdentifier>{67DA6AB6-F800-4c08-8B7A-83BB121AAD01}</UniqueIdentifier>
      <Extensions>rc;ico;cur;bmp;dlg;rc2;rct;bin;rgs;gif;jpg;jpeg;jpe;resx;tiff;tif;png;wav;mfcribbon-ms</Extensions>
    </Filter>
    <Filter Include="Source Files\Core">
      <UniqueIdentifier>{993b3afe-b74d-4381-b22c-9fa4da2de38a}</UniqueIdentifier>
    </Filter>
    <Filter Include="Source Files\Entities">
      <UniqueIdentifier>{41fe1e34-15db-4e16-98b9-e96d6d6435f9}</UniqueIdentifier>
    </Filter>
    <Filter Include="Header Files\Core">
      <UniqueIdentifier>{3ea3db19-d4a5-4403-bd0d-c8eb06019d09}</UniqueIdentifier>
    </Filter>
    <Filter Include="Header Files\Entities">
      <UniqueIdentifier>{b2bf7b7c-8276-470f-80f9-add2f0c436f0}</UniqueIdentifier>
    </Filter>
  </ItemGroup>
  <ItemGroup>
    <ClCompile Include="main.cpp">
      <Filter>Source Files</Filter>
    </ClCompile>
    <ClCompile Include="Plant.cpp">
      <Filter>Source Files\Entities</Filter>
    </ClCompile>
    <ClCompile Include="String.cpp">
      <Filter>Source Files\Core</Filter>
    </ClCompile>
    <ClCompile Include="Vector.h">
      <Filter>Header Files\Core</Filter>
    </ClCompile>
    <ClCompile Include="Engine.cpp">
      <Filter>Source Files\Core</Filter>
    </ClCompile>
    <ClCompile Include="Herbivore.cpp">
      <Filter>Source Files\Entities</Filter>
    </ClCompile>
    <ClCompile Include="Time.cpp">
      <Filter>Source Files\Core</Filter>
    </ClCompile>
    <ClCompile Include="Scavenger.h">
      <Filter>Header Files\Entities</Filter>
    </ClCompile>
    <ClCompile Include="Scavenger.cpp">
      <Filter>Source Files\Entities</Filter>
    </ClCompile>
    <ClCompile Include="InputManager.cpp">
      <Filter>Source Files\Core</Filter>
    </ClCompile>
    <ClCompile Include="SpatialData.cpp">
      <Filter>Source Files\Core</Filter>
    </ClCompile>
    <ClCompile Include="ApexPredator.cpp">
      <Filter>Source Files\Entities</Filter>
    </ClCompile>
  </ItemGroup>
  <ItemGroup>
    <ClInclude Include="SpatialData.h">
      <Filter>Header Files\Core</Filter>
    </ClInclude>
    <ClInclude Include="String.h">
      <Filter>Header Files\Core</Filter>
    </ClInclude>
    <ClInclude Include="Engine.h">
      <Filter>Header Files\Core</Filter>
    </ClInclude>
    <ClInclude Include="Animal.h">
      <Filter>Header Files\Entities</Filter>
    </ClInclude>
    <ClInclude Include="Entity.h">
      <Filter>Header Files\Entities</Filter>
    </ClInclude>
    <ClInclude Include="Plant.h">
      <Filter>Header Files\Entities</Filter>
    </ClInclude>
    <ClInclude Include="Herbivore.h">
      <Filter>Header Files\Entities</Filter>
    </ClInclude>
    <ClInclude Include="Utils.h">
      <Filter>Header Files\Core</Filter>
    </ClInclude>
    <ClInclude Include="Time.h">
      <Filter>Header Files\Core</Filter>
    </ClInclude>
    <ClInclude Include="InputManager.h">
      <Filter>Header Files\Core</Filter>
    </ClInclude>
    <ClInclude Include="ApexPredator.h">
      <Filter>Header Files\Entities</Filter>
    </ClInclude>
    <ClInclude Include="UserInterfaceUtils.h">
      <Filter>Header Files\Core</Filter>
    </ClInclude>
  </ItemGroup>
</Project>